
Microsoft Visual Studio Solution File, Format Version 12.00
# Visual Studio Version 17
VisualStudioVersion = 17.13.35828.75
MinimumVisualStudioVersion = 10.0.40219.1
Project("{FAE04EC0-301F-11D3-BF4B-00C04F79EFBC}") = "Rommanel.Api", "src\Rommanel.Api\Rommanel.Api.csproj", "{F37B35F8-7E0B-4B82-81FB-5D556361F924}"
EndProject
Project("{FAE04EC0-301F-11D3-BF4B-00C04F79EFBC}") = "Rommanel.Core", "src\Rommanel.Core\Rommanel.Core.csproj", "{34F222B1-F172-494B-9BFA-3A3AC3BAC7B7}"
EndProject
Project("{FAE04EC0-301F-11D3-BF4B-00C04F79EFBC}") = "Rommanel.Infra", "src\Rommanel.Infra\Rommanel.Infra.csproj", "{8DFFF35D-58A5-4104-A9A2-A73D72036BDE}"
EndProject
Project("{FAE04EC0-301F-11D3-BF4B-00C04F79EFBC}") = "Rommanel.Application", "src\Rommanel.Application\Rommanel.Application.csproj", "{473FCE85-735E-4A33-A032-37EC5F810B85}"
EndProject
Global
	GlobalSection(SolutionConfigurationPlatforms) = preSolution
		Debug|Any CPU = Debug|Any CPU
		Release|Any CPU = Release|Any CPU
	EndGlobalSection
	GlobalSection(ProjectConfigurationPlatforms) = postSolution
		{F37B35F8-7E0B-4B82-81FB-5D556361F924}.Debug|Any CPU.ActiveCfg = Debug|Any CPU
		{F37B35F8-7E0B-4B82-81FB-5D556361F924}.Debug|Any CPU.Build.0 = Debug|Any CPU
		{F37B35F8-7E0B-4B82-81FB-5D556361F924}.Release|Any CPU.ActiveCfg = Release|Any CPU
		{F37B35F8-7E0B-4B82-81FB-5D556361F924}.Release|Any CPU.Build.0 = Release|Any CPU
		{34F222B1-F172-494B-9BFA-3A3AC3BAC7B7}.Debug|Any CPU.ActiveCfg = Debug|Any CPU
		{34F222B1-F172-494B-9BFA-3A3AC3BAC7B7}.Debug|Any CPU.Build.0 = Debug|Any CPU
		{34F222B1-F172-494B-9BFA-3A3AC3BAC7B7}.Release|Any CPU.ActiveCfg = Release|Any CPU
		{34F222B1-F172-494B-9BFA-3A3AC3BAC7B7}.Release|Any CPU.Build.0 = Release|Any CPU
		{8DFFF35D-58A5-4104-A9A2-A73D72036BDE}.Debug|Any CPU.ActiveCfg = Debug|Any CPU
		{8DFFF35D-58A5-4104-A9A2-A73D72036BDE}.Debug|Any CPU.Build.0 = Debug|Any CPU
		{8DFFF35D-58A5-4104-A9A2-A73D72036BDE}.Release|Any CPU.ActiveCfg = Release|Any CPU
		{8DFFF35D-58A5-4104-A9A2-A73D72036BDE}.Release|Any CPU.Build.0 = Release|Any CPU
		{473FCE85-735E-4A33-A032-37EC5F810B85}.Debug|Any CPU.ActiveCfg = Debug|Any CPU
		{473FCE85-735E-4A33-A032-37EC5F810B85}.Debug|Any CPU.Build.0 = Debug|Any CPU
		{473FCE85-735E-4A33-A032-37EC5F810B85}.Release|Any CPU.ActiveCfg = Release|Any CPU
		{473FCE85-735E-4A33-A032-37EC5F810B85}.Release|Any CPU.Build.0 = Release|Any CPU
	EndGlobalSection
	GlobalSection(SolutionProperties) = preSolution
		HideSolutionNode = FALSE
	EndGlobalSection
	GlobalSection(ExtensibilityGlobals) = postSolution
		SolutionGuid = {1B9397B9-C3C7-44B8-930D-0A3ACFD4F745}
	EndGlobalSection
EndGlobal
